
Microsoft Visual Studio Solution File, Format Version 12.00
# Visual Studio Version 17
VisualStudioVersion = 17.3.32929.385
MinimumVisualStudioVersion = 10.0.40219.1
Project("{2150E333-8FDC-42A3-9474-1A3956D46DE8}") = "ProductCataloge", "ProductCataloge", "{6B8E24A9-AF36-4E79-81C1-B6E91D4A23A6}"
EndProject
Project("{2150E333-8FDC-42A3-9474-1A3956D46DE8}") = "Tests", "Tests", "{57885A03-814C-4D1C-89E5-0AC53FF3A7AC}"
EndProject
Project("{9A19103F-16F7-4668-BE54-9A1E7A4F7556}") = "ProductCatalog.API", "ProductCatalog\ProductCatalog.API\ProductCatalog.API.csproj", "{0A678D8A-C2F9-4C83-BACB-B9286EB9A6B4}"
EndProject
Project("{9A19103F-16F7-4668-BE54-9A1E7A4F7556}") = "ProductCatalog.Application", "ProductCatalog\ProductCatalog.Application\ProductCatalog.Application.csproj", "{4CC35D08-DB12-432E-B883-5CC5A03C3B2C}"
EndProject
Project("{9A19103F-16F7-4668-BE54-9A1E7A4F7556}") = "ProductCatalog.Domain", "ProductCatalog\ProductCatalog.Domain\ProductCatalog.Domain.csproj", "{22D9EF4A-1BDD-477D-B186-FAA0E7D17E61}"
EndProject
Project("{9A19103F-16F7-4668-BE54-9A1E7A4F7556}") = "ProductCatalog.Infrastructure", "ProductCatalog\ProductCatalog.Infrastructure\ProductCatalog.Infrastructure.csproj", "{20037A91-F176-4529-8F70-F4362F45FFEE}"
EndProject
Project("{2150E333-8FDC-42A3-9474-1A3956D46DE8}") = "src", "src", "{6DF57203-0CF5-42DF-946E-45DE567783B2}"
EndProject
Project("{9A19103F-16F7-4668-BE54-9A1E7A4F7556}") = "ProductCatalog.Infrastructure.Tests", "Tests\ProductCatalog.Infrastructure.Tests\ProductCatalog.Infrastructure.Tests.csproj", "{0314DC75-64AA-4FB3-9E72-00985D7D21DE}"
EndProject
Project("{9A19103F-16F7-4668-BE54-9A1E7A4F7556}") = "ProductCatalog.API.Tests", "Tests\ProductCatalog.API.Tests\ProductCatalog.API.Tests.csproj", "{8338BF9C-92E7-4B94-89A8-B8C7EEFD2161}"
EndProject
Project("{9A19103F-16F7-4668-BE54-9A1E7A4F7556}") = "ProductCatalog.Application.Tests", "ProductCatalog.Application.Tests\ProductCatalog.Application.Tests.csproj", "{C87EEC56-F055-45AE-8D99-17600E4F485A}"
EndProject
Project("{2150E333-8FDC-42A3-9474-1A3956D46DE8}") = "ProductCatalog", "ProductCatalog", "{EC52AA59-2CAE-42CC-969D-61E6FE02DA44}"
EndProject
Project("{2150E333-8FDC-42A3-9474-1A3956D46DE8}") = "Basket", "Basket", "{6E1BE305-9F96-43F1-9478-AA22BD8391D7}"
EndProject
Project("{9A19103F-16F7-4668-BE54-9A1E7A4F7556}") = "Basket.API", "Basket\Basket.API\Basket.API.csproj", "{6F611820-7A36-4347-A4B5-88F5CCF57EB8}"
EndProject
Project("{2150E333-8FDC-42A3-9474-1A3956D46DE8}") = "Order", "Order", "{9EB4C3DE-7B79-4E2B-8BD1-425780715850}"
EndProject
Project("{2150E333-8FDC-42A3-9474-1A3956D46DE8}") = "Membership", "Membership", "{840AD332-626D-4A6C-8A42-F2CECA0C01FB}"
EndProject
Project("{9A19103F-16F7-4668-BE54-9A1E7A4F7556}") = "Basket.Application", "Basket\Basket.Application\Basket.Application.csproj", "{78AC9450-6B72-4FD5-8CA1-6CBA456ADF9F}"
EndProject
Project("{9A19103F-16F7-4668-BE54-9A1E7A4F7556}") = "Basket.Domain", "Basket\Basket.Domain\Basket.Domain.csproj", "{96996109-402E-4B19-B5B8-264BF71F1109}"
EndProject
Project("{9A19103F-16F7-4668-BE54-9A1E7A4F7556}") = "Basket.Infrastrcuture", "Basket\Basket.Infrastrcuture\Basket.Infrastrcuture.csproj", "{210DE2B5-4A0B-43CF-844F-6B8B611003A1}"
EndProject
Project("{2150E333-8FDC-42A3-9474-1A3956D46DE8}") = "Shipping", "Shipping", "{0415760A-8A2C-45A2-B4DA-42356046CFF7}"
EndProject
Project("{2150E333-8FDC-42A3-9474-1A3956D46DE8}") = "Basket", "Basket", "{79F2EA0F-7AEE-4A03-B243-1B65B28883E3}"
EndProject
Project("{FAE04EC0-301F-11D3-BF4B-00C04F79EFBC}") = "Basket.Infrastructure.Tests", "Tests\Basket.Infrastructure.Tests\Basket.Infrastructure.Tests\Basket.Infrastructure.Tests.csproj", "{BFD66705-C461-4196-A23C-9C4DCA00DC15}"
EndProject
Project("{2150E333-8FDC-42A3-9474-1A3956D46DE8}") = "Payment", "Payment", "{94CDAF89-E031-4ECE-8565-3CF2D4DE44E6}"
EndProject
Project("{FAE04EC0-301F-11D3-BF4B-00C04F79EFBC}") = "Membership.API", "Membership\Membership.API\Membership.API.csproj", "{12FC28E6-E350-43EF-9BAC-780DAD8EC03E}"
EndProject
Global
	GlobalSection(SolutionConfigurationPlatforms) = preSolution
		Debug|Any CPU = Debug|Any CPU
		Release|Any CPU = Release|Any CPU
	EndGlobalSection
	GlobalSection(ProjectConfigurationPlatforms) = postSolution
		{0A678D8A-C2F9-4C83-BACB-B9286EB9A6B4}.Debug|Any CPU.ActiveCfg = Debug|Any CPU
		{0A678D8A-C2F9-4C83-BACB-B9286EB9A6B4}.Debug|Any CPU.Build.0 = Debug|Any CPU
		{0A678D8A-C2F9-4C83-BACB-B9286EB9A6B4}.Release|Any CPU.ActiveCfg = Release|Any CPU
		{0A678D8A-C2F9-4C83-BACB-B9286EB9A6B4}.Release|Any CPU.Build.0 = Release|Any CPU
		{4CC35D08-DB12-432E-B883-5CC5A03C3B2C}.Debug|Any CPU.ActiveCfg = Debug|Any CPU
		{4CC35D08-DB12-432E-B883-5CC5A03C3B2C}.Debug|Any CPU.Build.0 = Debug|Any CPU
		{4CC35D08-DB12-432E-B883-5CC5A03C3B2C}.Release|Any CPU.ActiveCfg = Release|Any CPU
		{4CC35D08-DB12-432E-B883-5CC5A03C3B2C}.Release|Any CPU.Build.0 = Release|Any CPU
		{22D9EF4A-1BDD-477D-B186-FAA0E7D17E61}.Debug|Any CPU.ActiveCfg = Debug|Any CPU
		{22D9EF4A-1BDD-477D-B186-FAA0E7D17E61}.Debug|Any CPU.Build.0 = Debug|Any CPU
		{22D9EF4A-1BDD-477D-B186-FAA0E7D17E61}.Release|Any CPU.ActiveCfg = Release|Any CPU
		{22D9EF4A-1BDD-477D-B186-FAA0E7D17E61}.Release|Any CPU.Build.0 = Release|Any CPU
		{20037A91-F176-4529-8F70-F4362F45FFEE}.Debug|Any CPU.ActiveCfg = Debug|Any CPU
		{20037A91-F176-4529-8F70-F4362F45FFEE}.Debug|Any CPU.Build.0 = Debug|Any CPU
		{20037A91-F176-4529-8F70-F4362F45FFEE}.Release|Any CPU.ActiveCfg = Release|Any CPU
		{20037A91-F176-4529-8F70-F4362F45FFEE}.Release|Any CPU.Build.0 = Release|Any CPU
		{0314DC75-64AA-4FB3-9E72-00985D7D21DE}.Debug|Any CPU.ActiveCfg = Debug|Any CPU
		{0314DC75-64AA-4FB3-9E72-00985D7D21DE}.Debug|Any CPU.Build.0 = Debug|Any CPU
		{0314DC75-64AA-4FB3-9E72-00985D7D21DE}.Release|Any CPU.ActiveCfg = Release|Any CPU
		{0314DC75-64AA-4FB3-9E72-00985D7D21DE}.Release|Any CPU.Build.0 = Release|Any CPU
		{8338BF9C-92E7-4B94-89A8-B8C7EEFD2161}.Debug|Any CPU.ActiveCfg = Debug|Any CPU
		{8338BF9C-92E7-4B94-89A8-B8C7EEFD2161}.Debug|Any CPU.Build.0 = Debug|Any CPU
		{8338BF9C-92E7-4B94-89A8-B8C7EEFD2161}.Release|Any CPU.ActiveCfg = Release|Any CPU
		{8338BF9C-92E7-4B94-89A8-B8C7EEFD2161}.Release|Any CPU.Build.0 = Release|Any CPU
		{C87EEC56-F055-45AE-8D99-17600E4F485A}.Debug|Any CPU.ActiveCfg = Debug|Any CPU
		{C87EEC56-F055-45AE-8D99-17600E4F485A}.Debug|Any CPU.Build.0 = Debug|Any CPU
		{C87EEC56-F055-45AE-8D99-17600E4F485A}.Release|Any CPU.ActiveCfg = Release|Any CPU
		{C87EEC56-F055-45AE-8D99-17600E4F485A}.Release|Any CPU.Build.0 = Release|Any CPU
		{6F611820-7A36-4347-A4B5-88F5CCF57EB8}.Debug|Any CPU.ActiveCfg = Debug|Any CPU
		{6F611820-7A36-4347-A4B5-88F5CCF57EB8}.Debug|Any CPU.Build.0 = Debug|Any CPU
		{6F611820-7A36-4347-A4B5-88F5CCF57EB8}.Release|Any CPU.ActiveCfg = Release|Any CPU
		{6F611820-7A36-4347-A4B5-88F5CCF57EB8}.Release|Any CPU.Build.0 = Release|Any CPU
		{78AC9450-6B72-4FD5-8CA1-6CBA456ADF9F}.Debug|Any CPU.ActiveCfg = Debug|Any CPU
		{78AC9450-6B72-4FD5-8CA1-6CBA456ADF9F}.Debug|Any CPU.Build.0 = Debug|Any CPU
		{78AC9450-6B72-4FD5-8CA1-6CBA456ADF9F}.Release|Any CPU.ActiveCfg = Release|Any CPU
		{78AC9450-6B72-4FD5-8CA1-6CBA456ADF9F}.Release|Any CPU.Build.0 = Release|Any CPU
		{96996109-402E-4B19-B5B8-264BF71F1109}.Debug|Any CPU.ActiveCfg = Debug|Any CPU
		{96996109-402E-4B19-B5B8-264BF71F1109}.Debug|Any CPU.Build.0 = Debug|Any CPU
		{96996109-402E-4B19-B5B8-264BF71F1109}.Release|Any CPU.ActiveCfg = Release|Any CPU
		{96996109-402E-4B19-B5B8-264BF71F1109}.Release|Any CPU.Build.0 = Release|Any CPU
		{210DE2B5-4A0B-43CF-844F-6B8B611003A1}.Debug|Any CPU.ActiveCfg = Debug|Any CPU
		{210DE2B5-4A0B-43CF-844F-6B8B611003A1}.Debug|Any CPU.Build.0 = Debug|Any CPU
		{210DE2B5-4A0B-43CF-844F-6B8B611003A1}.Release|Any CPU.ActiveCfg = Release|Any CPU
		{210DE2B5-4A0B-43CF-844F-6B8B611003A1}.Release|Any CPU.Build.0 = Release|Any CPU
		{BFD66705-C461-4196-A23C-9C4DCA00DC15}.Debug|Any CPU.ActiveCfg = Debug|Any CPU
		{BFD66705-C461-4196-A23C-9C4DCA00DC15}.Debug|Any CPU.Build.0 = Debug|Any CPU
		{BFD66705-C461-4196-A23C-9C4DCA00DC15}.Release|Any CPU.ActiveCfg = Release|Any CPU
		{BFD66705-C461-4196-A23C-9C4DCA00DC15}.Release|Any CPU.Build.0 = Release|Any CPU
		{12FC28E6-E350-43EF-9BAC-780DAD8EC03E}.Debug|Any CPU.ActiveCfg = Debug|Any CPU
		{12FC28E6-E350-43EF-9BAC-780DAD8EC03E}.Debug|Any CPU.Build.0 = Debug|Any CPU
		{12FC28E6-E350-43EF-9BAC-780DAD8EC03E}.Release|Any CPU.ActiveCfg = Release|Any CPU
		{12FC28E6-E350-43EF-9BAC-780DAD8EC03E}.Release|Any CPU.Build.0 = Release|Any CPU
	EndGlobalSection
	GlobalSection(SolutionProperties) = preSolution
		HideSolutionNode = FALSE
	EndGlobalSection
	GlobalSection(NestedProjects) = preSolution
		{6B8E24A9-AF36-4E79-81C1-B6E91D4A23A6} = {6DF57203-0CF5-42DF-946E-45DE567783B2}
		{0A678D8A-C2F9-4C83-BACB-B9286EB9A6B4} = {6B8E24A9-AF36-4E79-81C1-B6E91D4A23A6}
		{4CC35D08-DB12-432E-B883-5CC5A03C3B2C} = {6B8E24A9-AF36-4E79-81C1-B6E91D4A23A6}
		{22D9EF4A-1BDD-477D-B186-FAA0E7D17E61} = {6B8E24A9-AF36-4E79-81C1-B6E91D4A23A6}
		{20037A91-F176-4529-8F70-F4362F45FFEE} = {6B8E24A9-AF36-4E79-81C1-B6E91D4A23A6}
		{0314DC75-64AA-4FB3-9E72-00985D7D21DE} = {EC52AA59-2CAE-42CC-969D-61E6FE02DA44}
		{8338BF9C-92E7-4B94-89A8-B8C7EEFD2161} = {EC52AA59-2CAE-42CC-969D-61E6FE02DA44}
		{C87EEC56-F055-45AE-8D99-17600E4F485A} = {EC52AA59-2CAE-42CC-969D-61E6FE02DA44}
		{EC52AA59-2CAE-42CC-969D-61E6FE02DA44} = {57885A03-814C-4D1C-89E5-0AC53FF3A7AC}
		{6E1BE305-9F96-43F1-9478-AA22BD8391D7} = {6DF57203-0CF5-42DF-946E-45DE567783B2}
		{6F611820-7A36-4347-A4B5-88F5CCF57EB8} = {6E1BE305-9F96-43F1-9478-AA22BD8391D7}
		{9EB4C3DE-7B79-4E2B-8BD1-425780715850} = {6DF57203-0CF5-42DF-946E-45DE567783B2}
		{840AD332-626D-4A6C-8A42-F2CECA0C01FB} = {6DF57203-0CF5-42DF-946E-45DE567783B2}
		{78AC9450-6B72-4FD5-8CA1-6CBA456ADF9F} = {6E1BE305-9F96-43F1-9478-AA22BD8391D7}
		{96996109-402E-4B19-B5B8-264BF71F1109} = {6E1BE305-9F96-43F1-9478-AA22BD8391D7}
		{210DE2B5-4A0B-43CF-844F-6B8B611003A1} = {6E1BE305-9F96-43F1-9478-AA22BD8391D7}
		{0415760A-8A2C-45A2-B4DA-42356046CFF7} = {6DF57203-0CF5-42DF-946E-45DE567783B2}
		{79F2EA0F-7AEE-4A03-B243-1B65B28883E3} = {57885A03-814C-4D1C-89E5-0AC53FF3A7AC}
		{BFD66705-C461-4196-A23C-9C4DCA00DC15} = {79F2EA0F-7AEE-4A03-B243-1B65B28883E3}
		{94CDAF89-E031-4ECE-8565-3CF2D4DE44E6} = {6DF57203-0CF5-42DF-946E-45DE567783B2}
		{12FC28E6-E350-43EF-9BAC-780DAD8EC03E} = {840AD332-626D-4A6C-8A42-F2CECA0C01FB}
	EndGlobalSection
	GlobalSection(ExtensibilityGlobals) = postSolution
		SolutionGuid = {A8B90AFD-D5FC-4E57-AF8A-5915F4C7CA4E}
	EndGlobalSection
EndGlobal
